// !$*UTF8*$!
{
	archiveVersion = 1;
	classes = {
	};
	objectVersion = 51;
	objects = {

/* Begin PBXBuildFile section */
		0D52900E2523912E0059C207 /* UiViewController.swift in Sources */ = {isa = PBXBuildFile; fileRef = 0D52900D2523912E0059C207 /* UiViewController.swift */; };
		0D529010252398780059C207 /* PlayersListCollectionViewController.swift in Sources */ = {isa = PBXBuildFile; fileRef = 0D52900F252398780059C207 /* PlayersListCollectionViewController.swift */; };
		0D5290142523A5750059C207 /* PlayerItemCell.swift in Sources */ = {isa = PBXBuildFile; fileRef = 0D5290122523A5750059C207 /* PlayerItemCell.swift */; };
		0D5290152523A5750059C207 /* PlayerItemCell.xib in Resources */ = {isa = PBXBuildFile; fileRef = 0D5290132523A5750059C207 /* PlayerItemCell.xib */; };
		0D65DA33252F2EC7008D4F6A /* PlayerInfoViewModel.swift in Sources */ = {isa = PBXBuildFile; fileRef = 0D65DA32252F2EC7008D4F6A /* PlayerInfoViewModel.swift */; };
		0D6673002523B51400129CFD /* String.swift in Sources */ = {isa = PBXBuildFile; fileRef = 0D6672FF2523B51400129CFD /* String.swift */; };
		0D6673042524711B00129CFD /* Player.swift in Sources */ = {isa = PBXBuildFile; fileRef = 0D6673032524711B00129CFD /* Player.swift */; };
		0D66730B2525C2DE00129CFD /* GIF.swift in Sources */ = {isa = PBXBuildFile; fileRef = 0D66730A2525C2DE00129CFD /* GIF.swift */; };
		0D66730D2525C6AA00129CFD /* GIF.gif in Resources */ = {isa = PBXBuildFile; fileRef = 0D66730C2525C6AA00129CFD /* GIF.gif */; };
		0D781257252F312200D7CC79 /* PlayersInfoViewController.swift in Sources */ = {isa = PBXBuildFile; fileRef = 0D781255252F312200D7CC79 /* PlayersInfoViewController.swift */; };
		0D781258252F312200D7CC79 /* PlayersInfoViewController.xib in Resources */ = {isa = PBXBuildFile; fileRef = 0D781256252F312200D7CC79 /* PlayersInfoViewController.xib */; };
		0D848EEF252F1BD10029A51C /* NetworkManager.swift in Sources */ = {isa = PBXBuildFile; fileRef = 0D848EEE252F1BD10029A51C /* NetworkManager.swift */; };
		0D848EF1252F1D000029A51C /* Methods.swift in Sources */ = {isa = PBXBuildFile; fileRef = 0D848EF0252F1D000029A51C /* Methods.swift */; };
		0D848EF3252F1D100029A51C /* API.swift in Sources */ = {isa = PBXBuildFile; fileRef = 0D848EF2252F1D100029A51C /* API.swift */; };
		0D9C1CEB2530B218006609B3 /* PlayersListCollectionViewModel.swift in Sources */ = {isa = PBXBuildFile; fileRef = 0D9C1CEA2530B218006609B3 /* PlayersListCollectionViewModel.swift */; };
		0D9F58F3252E4E5000E9C4B7 /* HomeViewModel.swift in Sources */ = {isa = PBXBuildFile; fileRef = 0D9F58EC252E4E5000E9C4B7 /* HomeViewModel.swift */; };
		0D9F58F4252E4E5000E9C4B7 /* HomeViewController.xib in Resources */ = {isa = PBXBuildFile; fileRef = 0D9F58ED252E4E5000E9C4B7 /* HomeViewController.xib */; };
		0D9F58F5252E4E5000E9C4B7 /* HomeViewController.swift in Sources */ = {isa = PBXBuildFile; fileRef = 0D9F58EE252E4E5000E9C4B7 /* HomeViewController.swift */; };
		0D9F58F6252E4E5000E9C4B7 /* MatchDetailsViewModel.swift in Sources */ = {isa = PBXBuildFile; fileRef = 0D9F58F0252E4E5000E9C4B7 /* MatchDetailsViewModel.swift */; };
		0D9F58F7252E4E5000E9C4B7 /* MatchDetailsViewController.swift in Sources */ = {isa = PBXBuildFile; fileRef = 0D9F58F1252E4E5000E9C4B7 /* MatchDetailsViewController.swift */; };
		0D9F58F8252E4E5000E9C4B7 /* MatchDetailsViewController.xib in Resources */ = {isa = PBXBuildFile; fileRef = 0D9F58F2252E4E5000E9C4B7 /* MatchDetailsViewController.xib */; };
		0DB1CA062520A59200454BA0 /* AppDelegate.swift in Sources */ = {isa = PBXBuildFile; fileRef = 0DB1CA052520A59200454BA0 /* AppDelegate.swift */; };
		0DB1CA0F2520A59400454BA0 /* Assets.xcassets in Resources */ = {isa = PBXBuildFile; fileRef = 0DB1CA0E2520A59400454BA0 /* Assets.xcassets */; };
		0DB1CA122520A59400454BA0 /* LaunchScreen.storyboard in Resources */ = {isa = PBXBuildFile; fileRef = 0DB1CA102520A59400454BA0 /* LaunchScreen.storyboard */; };
		0DEC69292521C5F800413F60 /* Match.swift in Sources */ = {isa = PBXBuildFile; fileRef = 0DEC69282521C5F800413F60 /* Match.swift */; };
		0DEC692E25225AF700413F60 /* GameModeEnum.swift in Sources */ = {isa = PBXBuildFile; fileRef = 0DEC692D25225AF700413F60 /* GameModeEnum.swift */; };
		2040476AE3E2533FC2250FA0 /* Pods_Wandio.framework in Frameworks */ = {isa = PBXBuildFile; fileRef = 4CD01B0C1952CBA0439BC511 /* Pods_Wandio.framework */; };
/* End PBXBuildFile section */

/* Begin PBXFileReference section */
		0D52900D2523912E0059C207 /* UiViewController.swift */ = {isa = PBXFileReference; lastKnownFileType = sourcecode.swift; path = UiViewController.swift; sourceTree = "<group>"; };
		0D52900F252398780059C207 /* PlayersListCollectionViewController.swift */ = {isa = PBXFileReference; lastKnownFileType = sourcecode.swift; path = PlayersListCollectionViewController.swift; sourceTree = "<group>"; };
		0D5290122523A5750059C207 /* PlayerItemCell.swift */ = {isa = PBXFileReference; lastKnownFileType = sourcecode.swift; path = PlayerItemCell.swift; sourceTree = "<group>"; };
		0D5290132523A5750059C207 /* PlayerItemCell.xib */ = {isa = PBXFileReference; lastKnownFileType = file.xib; path = PlayerItemCell.xib; sourceTree = "<group>"; };
		0D65DA32252F2EC7008D4F6A /* PlayerInfoViewModel.swift */ = {isa = PBXFileReference; lastKnownFileType = sourcecode.swift; path = PlayerInfoViewModel.swift; sourceTree = "<group>"; };
		0D6672FF2523B51400129CFD /* String.swift */ = {isa = PBXFileReference; lastKnownFileType = sourcecode.swift; path = String.swift; sourceTree = "<group>"; };
		0D6673032524711B00129CFD /* Player.swift */ = {isa = PBXFileReference; lastKnownFileType = sourcecode.swift; path = Player.swift; sourceTree = "<group>"; };
		0D66730A2525C2DE00129CFD /* GIF.swift */ = {isa = PBXFileReference; lastKnownFileType = sourcecode.swift; path = GIF.swift; sourceTree = "<group>"; };
		0D66730C2525C6AA00129CFD /* GIF.gif */ = {isa = PBXFileReference; lastKnownFileType = image.gif; path = GIF.gif; sourceTree = "<group>"; };
		0D781255252F312200D7CC79 /* PlayersInfoViewController.swift */ = {isa = PBXFileReference; lastKnownFileType = sourcecode.swift; path = PlayersInfoViewController.swift; sourceTree = "<group>"; };
		0D781256252F312200D7CC79 /* PlayersInfoViewController.xib */ = {isa = PBXFileReference; lastKnownFileType = file.xib; path = PlayersInfoViewController.xib; sourceTree = "<group>"; };
		0D848EEE252F1BD10029A51C /* NetworkManager.swift */ = {isa = PBXFileReference; lastKnownFileType = sourcecode.swift; path = NetworkManager.swift; sourceTree = "<group>"; };
		0D848EF0252F1D000029A51C /* Methods.swift */ = {isa = PBXFileReference; lastKnownFileType = sourcecode.swift; path = Methods.swift; sourceTree = "<group>"; };
		0D848EF2252F1D100029A51C /* API.swift */ = {isa = PBXFileReference; lastKnownFileType = sourcecode.swift; path = API.swift; sourceTree = "<group>"; };
		0D9C1CEA2530B218006609B3 /* PlayersListCollectionViewModel.swift */ = {isa = PBXFileReference; lastKnownFileType = sourcecode.swift; path = PlayersListCollectionViewModel.swift; sourceTree = "<group>"; };
		0D9F58EC252E4E5000E9C4B7 /* HomeViewModel.swift */ = {isa = PBXFileReference; fileEncoding = 4; lastKnownFileType = sourcecode.swift; path = HomeViewModel.swift; sourceTree = "<group>"; };
		0D9F58ED252E4E5000E9C4B7 /* HomeViewController.xib */ = {isa = PBXFileReference; fileEncoding = 4; lastKnownFileType = file.xib; path = HomeViewController.xib; sourceTree = "<group>"; };
		0D9F58EE252E4E5000E9C4B7 /* HomeViewController.swift */ = {isa = PBXFileReference; fileEncoding = 4; lastKnownFileType = sourcecode.swift; path = HomeViewController.swift; sourceTree = "<group>"; };
		0D9F58F0252E4E5000E9C4B7 /* MatchDetailsViewModel.swift */ = {isa = PBXFileReference; fileEncoding = 4; lastKnownFileType = sourcecode.swift; path = MatchDetailsViewModel.swift; sourceTree = "<group>"; };
		0D9F58F1252E4E5000E9C4B7 /* MatchDetailsViewController.swift */ = {isa = PBXFileReference; fileEncoding = 4; lastKnownFileType = sourcecode.swift; path = MatchDetailsViewController.swift; sourceTree = "<group>"; };
		0D9F58F2252E4E5000E9C4B7 /* MatchDetailsViewController.xib */ = {isa = PBXFileReference; fileEncoding = 4; lastKnownFileType = file.xib; path = MatchDetailsViewController.xib; sourceTree = "<group>"; };
		0DB1CA022520A59200454BA0 /* Wandio.app */ = {isa = PBXFileReference; explicitFileType = wrapper.application; includeInIndex = 0; path = Wandio.app; sourceTree = BUILT_PRODUCTS_DIR; };
		0DB1CA052520A59200454BA0 /* AppDelegate.swift */ = {isa = PBXFileReference; lastKnownFileType = sourcecode.swift; path = AppDelegate.swift; sourceTree = "<group>"; };
		0DB1CA0E2520A59400454BA0 /* Assets.xcassets */ = {isa = PBXFileReference; lastKnownFileType = folder.assetcatalog; path = Assets.xcassets; sourceTree = "<group>"; };
		0DB1CA112520A59400454BA0 /* Base */ = {isa = PBXFileReference; lastKnownFileType = file.storyboard; name = Base; path = Base.lproj/LaunchScreen.storyboard; sourceTree = "<group>"; };
		0DB1CA132520A59400454BA0 /* Info.plist */ = {isa = PBXFileReference; lastKnownFileType = text.plist.xml; path = Info.plist; sourceTree = "<group>"; };
		0DEC69282521C5F800413F60 /* Match.swift */ = {isa = PBXFileReference; lastKnownFileType = sourcecode.swift; path = Match.swift; sourceTree = "<group>"; };
		0DEC692D25225AF700413F60 /* GameModeEnum.swift */ = {isa = PBXFileReference; lastKnownFileType = sourcecode.swift; path = GameModeEnum.swift; sourceTree = "<group>"; };
		4CD01B0C1952CBA0439BC511 /* Pods_Wandio.framework */ = {isa = PBXFileReference; explicitFileType = wrapper.framework; includeInIndex = 0; path = Pods_Wandio.framework; sourceTree = BUILT_PRODUCTS_DIR; };
		725055974526BF034D7742F0 /* Pods-Wandio.release.xcconfig */ = {isa = PBXFileReference; includeInIndex = 1; lastKnownFileType = text.xcconfig; name = "Pods-Wandio.release.xcconfig"; path = "Target Support Files/Pods-Wandio/Pods-Wandio.release.xcconfig"; sourceTree = "<group>"; };
		F39BD91AEA8074567C086D41 /* Pods-Wandio.debug.xcconfig */ = {isa = PBXFileReference; includeInIndex = 1; lastKnownFileType = text.xcconfig; name = "Pods-Wandio.debug.xcconfig"; path = "Target Support Files/Pods-Wandio/Pods-Wandio.debug.xcconfig"; sourceTree = "<group>"; };
/* End PBXFileReference section */

/* Begin PBXFrameworksBuildPhase section */
		0DB1C9FF2520A59200454BA0 /* Frameworks */ = {
			isa = PBXFrameworksBuildPhase;
			buildActionMask = 2147483647;
			files = (
				2040476AE3E2533FC2250FA0 /* Pods_Wandio.framework in Frameworks */,
			);
			runOnlyForDeploymentPostprocessing = 0;
		};
/* End PBXFrameworksBuildPhase section */

/* Begin PBXGroup section */
		02B700F8A3B5CD762CBAD61A /* Pods */ = {
			isa = PBXGroup;
			children = (
				F39BD91AEA8074567C086D41 /* Pods-Wandio.debug.xcconfig */,
				725055974526BF034D7742F0 /* Pods-Wandio.release.xcconfig */,
			);
			path = Pods;
			sourceTree = "<group>";
		};
		0D5290112523A5290059C207 /* Cells */ = {
			isa = PBXGroup;
			children = (
				0D5290122523A5750059C207 /* PlayerItemCell.swift */,
				0D5290132523A5750059C207 /* PlayerItemCell.xib */,
			);
			path = Cells;
			sourceTree = "<group>";
		};
		0D65DA2D252F2D80008D4F6A /* PlayerInfo */ = {
			isa = PBXGroup;
			children = (
				0D781255252F312200D7CC79 /* PlayersInfoViewController.swift */,
				0D781256252F312200D7CC79 /* PlayersInfoViewController.xib */,
				0D65DA32252F2EC7008D4F6A /* PlayerInfoViewModel.swift */,
			);
			path = PlayerInfo;
			sourceTree = "<group>";
		};
		0D9F58EA252E4E5000E9C4B7 /* UI Components */ = {
			isa = PBXGroup;
			children = (
				0D9F58EB252E4E5000E9C4B7 /* Home */,
				0D9F58EF252E4E5000E9C4B7 /* Match Details */,
				0D65DA2D252F2D80008D4F6A /* PlayerInfo */,
			);
			path = "UI Components";
			sourceTree = "<group>";
		};
		0D9F58EB252E4E5000E9C4B7 /* Home */ = {
			isa = PBXGroup;
			children = (
				0D9F58EE252E4E5000E9C4B7 /* HomeViewController.swift */,
				0D9F58ED252E4E5000E9C4B7 /* HomeViewController.xib */,
				0D9F58EC252E4E5000E9C4B7 /* HomeViewModel.swift */,
			);
			path = Home;
			sourceTree = "<group>";
		};
		0D9F58EF252E4E5000E9C4B7 /* Match Details */ = {
			isa = PBXGroup;
			children = (
				0DCAA0E62530B089001F2906 /* List controller */,
				0D9F58F1252E4E5000E9C4B7 /* MatchDetailsViewController.swift */,
				0D9F58F2252E4E5000E9C4B7 /* MatchDetailsViewController.xib */,
				0D9F58F0252E4E5000E9C4B7 /* MatchDetailsViewModel.swift */,
			);
			path = "Match Details";
			sourceTree = "<group>";
		};
		0DB1C9F92520A59200454BA0 = {
			isa = PBXGroup;
			children = (
				0DB1CA042520A59200454BA0 /* Wandio */,
				0DB1CA032520A59200454BA0 /* Products */,
				02B700F8A3B5CD762CBAD61A /* Pods */,
				62D09CA456B3008C70608DED /* Frameworks */,
			);
			sourceTree = "<group>";
		};
		0DB1CA032520A59200454BA0 /* Products */ = {
			isa = PBXGroup;
			children = (
				0DB1CA022520A59200454BA0 /* Wandio.app */,
			);
			name = Products;
			sourceTree = "<group>";
		};
		0DB1CA042520A59200454BA0 /* Wandio */ = {
			isa = PBXGroup;
			children = (
				0DEC693025226FE700413F60 /* Extension */,
				0DEC692F25225B0000413F60 /* Enum */,
				0DEC692A2522075000413F60 /* Network */,
				0D9F58EA252E4E5000E9C4B7 /* UI Components */,
				0DB1CA052520A59200454BA0 /* AppDelegate.swift */,
				0DB1CA0E2520A59400454BA0 /* Assets.xcassets */,
				0D66730C2525C6AA00129CFD /* GIF.gif */,
				0DB1CA102520A59400454BA0 /* LaunchScreen.storyboard */,
				0DB1CA132520A59400454BA0 /* Info.plist */,
			);
			path = Wandio;
			sourceTree = "<group>";
		};
		0DCAA0E62530B089001F2906 /* List controller */ = {
			isa = PBXGroup;
			children = (
				0D5290112523A5290059C207 /* Cells */,
				0D52900F252398780059C207 /* PlayersListCollectionViewController.swift */,
				0D9C1CEA2530B218006609B3 /* PlayersListCollectionViewModel.swift */,
			);
			path = "List controller";
			sourceTree = "<group>";
		};
		0DEC69272521C4E300413F60 /* Model */ = {
			isa = PBXGroup;
			children = (
				0DEC69282521C5F800413F60 /* Match.swift */,
				0D6673032524711B00129CFD /* Player.swift */,
			);
			path = Model;
			sourceTree = "<group>";
		};
		0DEC692A2522075000413F60 /* Network */ = {
			isa = PBXGroup;
			children = (
				0D848EEE252F1BD10029A51C /* NetworkManager.swift */,
				0D848EF0252F1D000029A51C /* Methods.swift */,
				0D848EF2252F1D100029A51C /* API.swift */,
				0DEC69272521C4E300413F60 /* Model */,
			);
			path = Network;
			sourceTree = "<group>";
		};
		0DEC692F25225B0000413F60 /* Enum */ = {
			isa = PBXGroup;
			children = (
				0DEC692D25225AF700413F60 /* GameModeEnum.swift */,
			);
			path = Enum;
			sourceTree = "<group>";
		};
		0DEC693025226FE700413F60 /* Extension */ = {
			isa = PBXGroup;
			children = (
				0D66730A2525C2DE00129CFD /* GIF.swift */,
				0D52900D2523912E0059C207 /* UiViewController.swift */,
				0D6672FF2523B51400129CFD /* String.swift */,
			);
			path = Extension;
			sourceTree = "<group>";
		};
		62D09CA456B3008C70608DED /* Frameworks */ = {
			isa = PBXGroup;
			children = (
				4CD01B0C1952CBA0439BC511 /* Pods_Wandio.framework */,
			);
			name = Frameworks;
			sourceTree = "<group>";
		};
/* End PBXGroup section */

/* Begin PBXNativeTarget section */
		0DB1CA012520A59200454BA0 /* Wandio */ = {
			isa = PBXNativeTarget;
			buildConfigurationList = 0DB1CA162520A59400454BA0 /* Build configuration list for PBXNativeTarget "Wandio" */;
			buildPhases = (
				39466B3E910BCE70676D15DD /* [CP] Check Pods Manifest.lock */,
				0DB1C9FE2520A59200454BA0 /* Sources */,
				0DB1C9FF2520A59200454BA0 /* Frameworks */,
				0DB1CA002520A59200454BA0 /* Resources */,
				70377F811E76B5B64678AC5D /* [CP] Embed Pods Frameworks */,
			);
			buildRules = (
			);
			dependencies = (
			);
			name = Wandio;
			productName = Wandio;
			productReference = 0DB1CA022520A59200454BA0 /* Wandio.app */;
			productType = "com.apple.product-type.application";
		};
/* End PBXNativeTarget section */

/* Begin PBXProject section */
		0DB1C9FA2520A59200454BA0 /* Project object */ = {
			isa = PBXProject;
			attributes = {
				LastSwiftUpdateCheck = 1170;
				LastUpgradeCheck = 1170;
				ORGANIZATIONNAME = "Guga Valashvili";
				TargetAttributes = {
					0DB1CA012520A59200454BA0 = {
						CreatedOnToolsVersion = 11.7;
					};
				};
			};
			buildConfigurationList = 0DB1C9FD2520A59200454BA0 /* Build configuration list for PBXProject "Wandio" */;
			compatibilityVersion = "Xcode 9.3";
			developmentRegion = en;
			hasScannedForEncodings = 0;
			knownRegions = (
				en,
				Base,
			);
			mainGroup = 0DB1C9F92520A59200454BA0;
			productRefGroup = 0DB1CA032520A59200454BA0 /* Products */;
			projectDirPath = "";
			projectRoot = "";
			targets = (
				0DB1CA012520A59200454BA0 /* Wandio */,
			);
		};
/* End PBXProject section */

/* Begin PBXResourcesBuildPhase section */
		0DB1CA002520A59200454BA0 /* Resources */ = {
			isa = PBXResourcesBuildPhase;
			buildActionMask = 2147483647;
			files = (
				0DB1CA122520A59400454BA0 /* LaunchScreen.storyboard in Resources */,
				0D781258252F312200D7CC79 /* PlayersInfoViewController.xib in Resources */,
				0DB1CA0F2520A59400454BA0 /* Assets.xcassets in Resources */,
				0D9F58F8252E4E5000E9C4B7 /* MatchDetailsViewController.xib in Resources */,
				0D66730D2525C6AA00129CFD /* GIF.gif in Resources */,
				0D5290152523A5750059C207 /* PlayerItemCell.xib in Resources */,
				0D9F58F4252E4E5000E9C4B7 /* HomeViewController.xib in Resources */,
			);
			runOnlyForDeploymentPostprocessing = 0;
		};
/* End PBXResourcesBuildPhase section */

/* Begin PBXShellScriptBuildPhase section */
		39466B3E910BCE70676D15DD /* [CP] Check Pods Manifest.lock */ = {
			isa = PBXShellScriptBuildPhase;
			buildActionMask = 2147483647;
			files = (
			);
			inputFileListPaths = (
			);
			inputPaths = (
				"${PODS_PODFILE_DIR_PATH}/Podfile.lock",
				"${PODS_ROOT}/Manifest.lock",
			);
			name = "[CP] Check Pods Manifest.lock";
			outputFileListPaths = (
			);
			outputPaths = (
				"$(DERIVED_FILE_DIR)/Pods-Wandio-checkManifestLockResult.txt",
			);
			runOnlyForDeploymentPostprocessing = 0;
			shellPath = /bin/sh;
			shellScript = "diff \"${PODS_PODFILE_DIR_PATH}/Podfile.lock\" \"${PODS_ROOT}/Manifest.lock\" > /dev/null\nif [ $? != 0 ] ; then\n    # print error to STDERR\n    echo \"error: The sandbox is not in sync with the Podfile.lock. Run 'pod install' or update your CocoaPods installation.\" >&2\n    exit 1\nfi\n# This output is used by Xcode 'outputs' to avoid re-running this script phase.\necho \"SUCCESS\" > \"${SCRIPT_OUTPUT_FILE_0}\"\n";
			showEnvVarsInLog = 0;
		};
		70377F811E76B5B64678AC5D /* [CP] Embed Pods Frameworks */ = {
			isa = PBXShellScriptBuildPhase;
			buildActionMask = 2147483647;
			files = (
			);
			inputFileListPaths = (
				"${PODS_ROOT}/Target Support Files/Pods-Wandio/Pods-Wandio-frameworks-${CONFIGURATION}-input-files.xcfilelist",
			);
			name = "[CP] Embed Pods Frameworks";
			outputFileListPaths = (
				"${PODS_ROOT}/Target Support Files/Pods-Wandio/Pods-Wandio-frameworks-${CONFIGURATION}-output-files.xcfilelist",
			);
			runOnlyForDeploymentPostprocessing = 0;
			shellPath = /bin/sh;
			shellScript = "\"${PODS_ROOT}/Target Support Files/Pods-Wandio/Pods-Wandio-frameworks.sh\"\n";
			showEnvVarsInLog = 0;
		};
/* End PBXShellScriptBuildPhase section */

/* Begin PBXSourcesBuildPhase section */
		0DB1C9FE2520A59200454BA0 /* Sources */ = {
			isa = PBXSourcesBuildPhase;
			buildActionMask = 2147483647;
			files = (
				0D9F58F3252E4E5000E9C4B7 /* HomeViewModel.swift in Sources */,
				0D9F58F7252E4E5000E9C4B7 /* MatchDetailsViewController.swift in Sources */,
				0D848EEF252F1BD10029A51C /* NetworkManager.swift in Sources */,
				0D6673002523B51400129CFD /* String.swift in Sources */,
				0DEC692E25225AF700413F60 /* GameModeEnum.swift in Sources */,
				0D9F58F5252E4E5000E9C4B7 /* HomeViewController.swift in Sources */,
				0D6673042524711B00129CFD /* Player.swift in Sources */,
				0DB1CA062520A59200454BA0 /* AppDelegate.swift in Sources */,
				0D52900E2523912E0059C207 /* UiViewController.swift in Sources */,
				0D66730B2525C2DE00129CFD /* GIF.swift in Sources */,
				0D781257252F312200D7CC79 /* PlayersInfoViewController.swift in Sources */,
				0D9C1CEB2530B218006609B3 /* PlayersListCollectionViewModel.swift in Sources */,
				0D848EF3252F1D100029A51C /* API.swift in Sources */,
				0D65DA33252F2EC7008D4F6A /* PlayerInfoViewModel.swift in Sources */,
				0D9F58F6252E4E5000E9C4B7 /* MatchDetailsViewModel.swift in Sources */,
				0D529010252398780059C207 /* PlayersListCollectionViewController.swift in Sources */,
				0D5290142523A5750059C207 /* PlayerItemCell.swift in Sources */,
				0D848EF1252F1D000029A51C /* Methods.swift in Sources */,
				0DEC69292521C5F800413F60 /* Match.swift in Sources */,
			);
			runOnlyForDeploymentPostprocessing = 0;
		};
/* End PBXSourcesBuildPhase section */

/* Begin PBXVariantGroup section */
		0DB1CA102520A59400454BA0 /* LaunchScreen.storyboard */ = {
			isa = PBXVariantGroup;
			children = (
				0DB1CA112520A59400454BA0 /* Base */,
			);
			name = LaunchScreen.storyboard;
			sourceTree = "<group>";
		};
/* End PBXVariantGroup section */

/* Begin XCBuildConfiguration section */
		0DB1CA142520A59400454BA0 /* Debug */ = {
			isa = XCBuildConfiguration;
			buildSettings = {
				ALWAYS_SEARCH_USER_PATHS = NO;
				CLANG_ANALYZER_NONNULL = YES;
				CLANG_ANALYZER_NUMBER_OBJECT_CONVERSION = YES_AGGRESSIVE;
				CLANG_CXX_LANGUAGE_STANDARD = "gnu++14";
				CLANG_CXX_LIBRARY = "libc++";
				CLANG_ENABLE_MODULES = YES;
				CLANG_ENABLE_OBJC_ARC = YES;
				CLANG_ENABLE_OBJC_WEAK = YES;
				CLANG_WARN_BLOCK_CAPTURE_AUTORELEASING = YES;
				CLANG_WARN_BOOL_CONVERSION = YES;
				CLANG_WARN_COMMA = YES;
				CLANG_WARN_CONSTANT_CONVERSION = YES;
				CLANG_WARN_DEPRECATED_OBJC_IMPLEMENTATIONS = YES;
				CLANG_WARN_DIRECT_OBJC_ISA_USAGE = YES_ERROR;
				CLANG_WARN_DOCUMENTATION_COMMENTS = YES;
				CLANG_WARN_EMPTY_BODY = YES;
				CLANG_WARN_ENUM_CONVERSION = YES;
				CLANG_WARN_INFINITE_RECURSION = YES;
				CLANG_WARN_INT_CONVERSION = YES;
				CLANG_WARN_NON_LITERAL_NULL_CONVERSION = YES;
				CLANG_WARN_OBJC_IMPLICIT_RETAIN_SELF = YES;
				CLANG_WARN_OBJC_LITERAL_CONVERSION = YES;
				CLANG_WARN_OBJC_ROOT_CLASS = YES_ERROR;
				CLANG_WARN_RANGE_LOOP_ANALYSIS = YES;
				CLANG_WARN_STRICT_PROTOTYPES = YES;
				CLANG_WARN_SUSPICIOUS_MOVE = YES;
				CLANG_WARN_UNGUARDED_AVAILABILITY = YES_AGGRESSIVE;
				CLANG_WARN_UNREACHABLE_CODE = YES;
				CLANG_WARN__DUPLICATE_METHOD_MATCH = YES;
				COPY_PHASE_STRIP = NO;
				DEBUG_INFORMATION_FORMAT = dwarf;
				ENABLE_STRICT_OBJC_MSGSEND = YES;
				ENABLE_TESTABILITY = YES;
				GCC_C_LANGUAGE_STANDARD = gnu11;
				GCC_DYNAMIC_NO_PIC = NO;
				GCC_NO_COMMON_BLOCKS = YES;
				GCC_OPTIMIZATION_LEVEL = 0;
				GCC_PREPROCESSOR_DEFINITIONS = (
					"DEBUG=1",
					"$(inherited)",
				);
				GCC_WARN_64_TO_32_BIT_CONVERSION = YES;
				GCC_WARN_ABOUT_RETURN_TYPE = YES_ERROR;
				GCC_WARN_UNDECLARED_SELECTOR = YES;
				GCC_WARN_UNINITIALIZED_AUTOS = YES_AGGRESSIVE;
				GCC_WARN_UNUSED_FUNCTION = YES;
				GCC_WARN_UNUSED_VARIABLE = YES;
				IPHONEOS_DEPLOYMENT_TARGET = 13.7;
				MTL_ENABLE_DEBUG_INFO = INCLUDE_SOURCE;
				MTL_FAST_MATH = YES;
				ONLY_ACTIVE_ARCH = YES;
				SDKROOT = iphoneos;
				SWIFT_ACTIVE_COMPILATION_CONDITIONS = DEBUG;
				SWIFT_OPTIMIZATION_LEVEL = "-Onone";
			};
			name = Debug;
		};
		0DB1CA152520A59400454BA0 /* Release */ = {
			isa = XCBuildConfiguration;
			buildSettings = {
				ALWAYS_SEARCH_USER_PATHS = NO;
				CLANG_ANALYZER_NONNULL = YES;
				CLANG_ANALYZER_NUMBER_OBJECT_CONVERSION = YES_AGGRESSIVE;
				CLANG_CXX_LANGUAGE_STANDARD = "gnu++14";
				CLANG_CXX_LIBRARY = "libc++";
				CLANG_ENABLE_MODULES = YES;
				CLANG_ENABLE_OBJC_ARC = YES;
				CLANG_ENABLE_OBJC_WEAK = YES;
				CLANG_WARN_BLOCK_CAPTURE_AUTORELEASING = YES;
				CLANG_WARN_BOOL_CONVERSION = YES;
				CLANG_WARN_COMMA = YES;
				CLANG_WARN_CONSTANT_CONVERSION = YES;
				CLANG_WARN_DEPRECATED_OBJC_IMPLEMENTATIONS = YES;
				CLANG_WARN_DIRECT_OBJC_ISA_USAGE = YES_ERROR;
				CLANG_WARN_DOCUMENTATION_COMMENTS = YES;
				CLANG_WARN_EMPTY_BODY = YES;
				CLANG_WARN_ENUM_CONVERSION = YES;
				CLANG_WARN_INFINITE_RECURSION = YES;
				CLANG_WARN_INT_CONVERSION = YES;
				CLANG_WARN_NON_LITERAL_NULL_CONVERSION = YES;
				CLANG_WARN_OBJC_IMPLICIT_RETAIN_SELF = YES;
				CLANG_WARN_OBJC_LITERAL_CONVERSION = YES;
				CLANG_WARN_OBJC_ROOT_CLASS = YES_ERROR;
				CLANG_WARN_RANGE_LOOP_ANALYSIS = YES;
				CLANG_WARN_STRICT_PROTOTYPES = YES;
				CLANG_WARN_SUSPICIOUS_MOVE = YES;
				CLANG_WARN_UNGUARDED_AVAILABILITY = YES_AGGRESSIVE;
				CLANG_WARN_UNREACHABLE_CODE = YES;
				CLANG_WARN__DUPLICATE_METHOD_MATCH = YES;
				COPY_PHASE_STRIP = NO;
				DEBUG_INFORMATION_FORMAT = "dwarf-with-dsym";
				ENABLE_NS_ASSERTIONS = NO;
				ENABLE_STRICT_OBJC_MSGSEND = YES;
				GCC_C_LANGUAGE_STANDARD = gnu11;
				GCC_NO_COMMON_BLOCKS = YES;
				GCC_WARN_64_TO_32_BIT_CONVERSION = YES;
				GCC_WARN_ABOUT_RETURN_TYPE = YES_ERROR;
				GCC_WARN_UNDECLARED_SELECTOR = YES;
				GCC_WARN_UNINITIALIZED_AUTOS = YES_AGGRESSIVE;
				GCC_WARN_UNUSED_FUNCTION = YES;
				GCC_WARN_UNUSED_VARIABLE = YES;
				IPHONEOS_DEPLOYMENT_TARGET = 13.7;
				MTL_ENABLE_DEBUG_INFO = NO;
				MTL_FAST_MATH = YES;
				SDKROOT = iphoneos;
				SWIFT_COMPILATION_MODE = wholemodule;
				SWIFT_OPTIMIZATION_LEVEL = "-O";
				VALIDATE_PRODUCT = YES;
			};
			name = Release;
		};
		0DB1CA172520A59400454BA0 /* Debug */ = {
			isa = XCBuildConfiguration;
			baseConfigurationReference = F39BD91AEA8074567C086D41 /* Pods-Wandio.debug.xcconfig */;
			buildSettings = {
				ASSETCATALOG_COMPILER_APPICON_NAME = AppIcon;
				CODE_SIGN_STYLE = Manual;
				DEVELOPMENT_TEAM = "";
				INFOPLIST_FILE = Wandio/Info.plist;
				LD_RUNPATH_SEARCH_PATHS = (
					"$(inherited)",
					"@executable_path/Frameworks",
				);
				PRODUCT_BUNDLE_IDENTIFIER = Dota.Wandio;
				PRODUCT_NAME = "$(TARGET_NAME)";
				PROVISIONING_PROFILE_SPECIFIER = "";
				SWIFT_VERSION = 5.0;
				TARGETED_DEVICE_FAMILY = "1,2";
			};
			name = Debug;
		};
		0DB1CA182520A59400454BA0 /* Release */ = {
			isa = XCBuildConfiguration;
			baseConfigurationReference = 725055974526BF034D7742F0 /* Pods-Wandio.release.xcconfig */;
			buildSettings = {
				ASSETCATALOG_COMPILER_APPICON_NAME = AppIcon;
				CODE_SIGN_STYLE = Manual;
				DEVELOPMENT_TEAM = "";
				INFOPLIST_FILE = Wandio/Info.plist;
				LD_RUNPATH_SEARCH_PATHS = (
					"$(inherited)",
					"@executable_path/Frameworks",
				);
				PRODUCT_BUNDLE_IDENTIFIER = Dota.Wandio;
				PRODUCT_NAME = "$(TARGET_NAME)";
				PROVISIONING_PROFILE_SPECIFIER = "";
				SWIFT_VERSION = 5.0;
				TARGETED_DEVICE_FAMILY = "1,2";
			};
			name = Release;
		};
/* End XCBuildConfiguration section */

/* Begin XCConfigurationList section */
		0DB1C9FD2520A59200454BA0 /* Build configuration list for PBXProject "Wandio" */ = {
			isa = XCConfigurationList;
			buildConfigurations = (
				0DB1CA142520A59400454BA0 /* Debug */,
				0DB1CA152520A59400454BA0 /* Release */,
			);
			defaultConfigurationIsVisible = 0;
			defaultConfigurationName = Release;
		};
		0DB1CA162520A59400454BA0 /* Build configuration list for PBXNativeTarget "Wandio" */ = {
			isa = XCConfigurationList;
			buildConfigurations = (
				0DB1CA172520A59400454BA0 /* Debug */,
				0DB1CA182520A59400454BA0 /* Release */,
			);
			defaultConfigurationIsVisible = 0;
			defaultConfigurationName = Release;
		};
/* End XCConfigurationList section */
	};
	rootObject = 0DB1C9FA2520A59200454BA0 /* Project object */;
}
